
Microsoft Visual Studio Solution File, Format Version 12.00
# Visual Studio Version 17
VisualStudioVersion = 17.9.34723.18
MinimumVisualStudioVersion = 10.0.40219.1
Project("{FAE04EC0-301F-11D3-BF4B-00C04F79EFBC}") = "MacFastLookup", "MacFastLookup\MacFastLookup.csproj", "{27C5F278-CCA8-4659-A6EC-20BFBD707469}"
EndProject
Global
	GlobalSection(SolutionConfigurationPlatforms) = preSolution
		Debug|Any CPU = Debug|Any CPU
		Release|Any CPU = Release|Any CPU
	EndGlobalSection
	GlobalSection(ProjectConfigurationPlatforms) = postSolution
		{27C5F278-CCA8-4659-A6EC-20BFBD707469}.Debug|Any CPU.ActiveCfg = Debug|Any CPU
		{27C5F278-CCA8-4659-A6EC-20BFBD707469}.Debug|Any CPU.Build.0 = Debug|Any CPU
		{27C5F278-CCA8-4659-A6EC-20BFBD707469}.Release|Any CPU.ActiveCfg = Release|Any CPU
		{27C5F278-CCA8-4659-A6EC-20BFBD707469}.Release|Any CPU.Build.0 = Release|Any CPU
	EndGlobalSection
	GlobalSection(SolutionProperties) = preSolution
		HideSolutionNode = FALSE
	EndGlobalSection
	GlobalSection(ExtensibilityGlobals) = postSolution
		SolutionGuid = {D2224C86-6AF3-4A8E-B38A-2FC76C83FDA3}
	EndGlobalSection
EndGlobal
